github.com/AdamSLevy/go-modbus v0.0.0-20140818212109-b4a4ab48f453 h1:Dvi7FeCJRosueLyWJprrRn/GdnjVYy1KfIJERkFRFrQ=
github.com/AdamSLevy/go-modbus v0.0.0-20140818212109-b4a4ab48f453/go.mod h1:BYUQsWRzEjgVdTrp2TM0lAVs+XA7gUtEcALgycEq4Lc=
github.com/tarm/goserial v0.0.0-20151007205400-b3440c3c6355 h1:Kp3kg8YL2dc75mckomrHZQTfzNyFGnaqFhJeQw4ozGc=
github.com/tarm/goserial v0.0.0-20151007205400-b3440c3c6355/go.mod h1:jcMo2Odv5FpDA6rp8bnczbUolcICW6t54K3s9gOlgII=
golang.org/x/sys v0.0.0-20220307203707-22a9840ba4d7 h1:8IVLkfbr2cLhv0a/vKq4UFUcJym8RmDoDboxCFWEjYE=
golang.org/x/sys v0.0.0-20220307203707-22a9840ba4d7/go.mod h1:oPkhp1MJrh7nUepCBck5+mAzfO9JrbApNNgaTdGDITg=
